
Microsoft Visual Studio Solution File, Format Version 12.00
# Visual Studio Version 17
VisualStudioVersion = 17.12.35707.178 d17.12
MinimumVisualStudioVersion = 10.0.40219.1
Project("{FAE04EC0-301F-11D3-BF4B-00C04F79EFBC}") = "PetGeneratorNameJumagbas", "PetGeneratorNameJumagbas\PetGeneratorNameJumagbas.csproj", "{834A0F06-ED42-41F1-865E-219FE9AB4ADB}"
EndProject
Global
	GlobalSection(SolutionConfigurationPlatforms) = preSolution
		Debug|Any CPU = Debug|Any CPU
		Release|Any CPU = Release|Any CPU
	EndGlobalSection
	GlobalSection(ProjectConfigurationPlatforms) = postSolution
		{834A0F06-ED42-41F1-865E-219FE9AB4ADB}.Debug|Any CPU.ActiveCfg = Debug|Any CPU
		{834A0F06-ED42-41F1-865E-219FE9AB4ADB}.Debug|Any CPU.Build.0 = Debug|Any CPU
		{834A0F06-ED42-41F1-865E-219FE9AB4ADB}.Release|Any CPU.ActiveCfg = Release|Any CPU
		{834A0F06-ED42-41F1-865E-219FE9AB4ADB}.Release|Any CPU.Build.0 = Release|Any CPU
	EndGlobalSection
	GlobalSection(SolutionProperties) = preSolution
		HideSolutionNode = FALSE
	EndGlobalSection
EndGlobal
